// !$*UTF8*$!
{
	archiveVersion = 1;
	classes = {
	};
	objectVersion = 56;
	objects = {

/* Begin PBXBuildFile section */
		6EBEAFD0B18DF6D753C830BC /* Pods_Boxotop.framework in Frameworks */ = {isa = PBXBuildFile; fileRef = E14D8DD17ED4CCFD773C2AD0 /* Pods_Boxotop.framework */; };
		D70E73CD2B0E3ABD00E6263E /* BoxotopApp.swift in Sources */ = {isa = PBXBuildFile; fileRef = D70E73CC2B0E3ABD00E6263E /* BoxotopApp.swift */; };
		D70E73CF2B0E3ABD00E6263E /* ContentView.swift in Sources */ = {isa = PBXBuildFile; fileRef = D70E73CE2B0E3ABD00E6263E /* ContentView.swift */; };
		D70E73D12B0E3ABD00E6263E /* Item.swift in Sources */ = {isa = PBXBuildFile; fileRef = D70E73D02B0E3ABD00E6263E /* Item.swift */; };
		D70E73D32B0E3ABE00E6263E /* Assets.xcassets in Resources */ = {isa = PBXBuildFile; fileRef = D70E73D22B0E3ABE00E6263E /* Assets.xcassets */; };
		D70E73D62B0E3ABE00E6263E /* Preview Assets.xcassets in Resources */ = {isa = PBXBuildFile; fileRef = D70E73D52B0E3ABE00E6263E /* Preview Assets.xcassets */; };
		D75B682A2B0F4CB800C82C49 /* MovieCellView.swift in Sources */ = {isa = PBXBuildFile; fileRef = D75B68292B0F4CB800C82C49 /* MovieCellView.swift */; };
		D7AAB43A2B0E475A0046466A /* Movie.swift in Sources */ = {isa = PBXBuildFile; fileRef = D7AAB4392B0E475A0046466A /* Movie.swift */; };
		D7AAB43C2B0E48B40046466A /* MoviesViewModel.swift in Sources */ = {isa = PBXBuildFile; fileRef = D7AAB43B2B0E48B40046466A /* MoviesViewModel.swift */; };
		D7AAB43E2B0E48C30046466A /* MoviesView.swift in Sources */ = {isa = PBXBuildFile; fileRef = D7AAB43D2B0E48C30046466A /* MoviesView.swift */; };
		D7AAB4402B0E4B9B0046466A /* Localizable.xcstrings in Resources */ = {isa = PBXBuildFile; fileRef = D7AAB43F2B0E4B9B0046466A /* Localizable.xcstrings */; };
		D7AAB4442B0E4BF90046466A /* String+i18n.swift in Sources */ = {isa = PBXBuildFile; fileRef = D7AAB4432B0E4BF90046466A /* String+i18n.swift */; };
		D7AAB4462B0E4C380046466A /* MoviesApiService.swift in Sources */ = {isa = PBXBuildFile; fileRef = D7AAB4452B0E4C380046466A /* MoviesApiService.swift */; };
		D7AAB4482B0E4D2E0046466A /* ListMovies.swift in Sources */ = {isa = PBXBuildFile; fileRef = D7AAB4472B0E4D2E0046466A /* ListMovies.swift */; };
		D7AAB44B2B0E53E80046466A /* LoadView.swift in Sources */ = {isa = PBXBuildFile; fileRef = D7AAB44A2B0E53E80046466A /* LoadView.swift */; };
/* End PBXBuildFile section */

/* Begin PBXFileReference section */
		886B818E9243F2109DC2A2A6 /* Pods-Boxotop.release.xcconfig */ = {isa = PBXFileReference; includeInIndex = 1; lastKnownFileType = text.xcconfig; name = "Pods-Boxotop.release.xcconfig"; path = "Target Support Files/Pods-Boxotop/Pods-Boxotop.release.xcconfig"; sourceTree = "<group>"; };
		B940ABDE14DC1BA448F5371D /* Pods-Boxotop.debug.xcconfig */ = {isa = PBXFileReference; includeInIndex = 1; lastKnownFileType = text.xcconfig; name = "Pods-Boxotop.debug.xcconfig"; path = "Target Support Files/Pods-Boxotop/Pods-Boxotop.debug.xcconfig"; sourceTree = "<group>"; };
		D70E73C92B0E3ABD00E6263E /* Boxotop.app */ = {isa = PBXFileReference; explicitFileType = wrapper.application; includeInIndex = 0; path = Boxotop.app; sourceTree = BUILT_PRODUCTS_DIR; };
		D70E73CC2B0E3ABD00E6263E /* BoxotopApp.swift */ = {isa = PBXFileReference; lastKnownFileType = sourcecode.swift; path = BoxotopApp.swift; sourceTree = "<group>"; };
		D70E73CE2B0E3ABD00E6263E /* ContentView.swift */ = {isa = PBXFileReference; lastKnownFileType = sourcecode.swift; path = ContentView.swift; sourceTree = "<group>"; };
		D70E73D02B0E3ABD00E6263E /* Item.swift */ = {isa = PBXFileReference; lastKnownFileType = sourcecode.swift; path = Item.swift; sourceTree = "<group>"; };
		D70E73D22B0E3ABE00E6263E /* Assets.xcassets */ = {isa = PBXFileReference; lastKnownFileType = folder.assetcatalog; path = Assets.xcassets; sourceTree = "<group>"; };
		D70E73D52B0E3ABE00E6263E /* Preview Assets.xcassets */ = {isa = PBXFileReference; lastKnownFileType = folder.assetcatalog; path = "Preview Assets.xcassets"; sourceTree = "<group>"; };
		D75B68292B0F4CB800C82C49 /* MovieCellView.swift */ = {isa = PBXFileReference; lastKnownFileType = sourcecode.swift; path = MovieCellView.swift; sourceTree = "<group>"; };
		D7AAB4392B0E475A0046466A /* Movie.swift */ = {isa = PBXFileReference; lastKnownFileType = sourcecode.swift; path = Movie.swift; sourceTree = "<group>"; };
		D7AAB43B2B0E48B40046466A /* MoviesViewModel.swift */ = {isa = PBXFileReference; lastKnownFileType = sourcecode.swift; path = MoviesViewModel.swift; sourceTree = "<group>"; };
		D7AAB43D2B0E48C30046466A /* MoviesView.swift */ = {isa = PBXFileReference; lastKnownFileType = sourcecode.swift; path = MoviesView.swift; sourceTree = "<group>"; };
		D7AAB43F2B0E4B9B0046466A /* Localizable.xcstrings */ = {isa = PBXFileReference; lastKnownFileType = text.json.xcstrings; path = Localizable.xcstrings; sourceTree = "<group>"; };
		D7AAB4432B0E4BF90046466A /* String+i18n.swift */ = {isa = PBXFileReference; lastKnownFileType = sourcecode.swift; path = "String+i18n.swift"; sourceTree = "<group>"; };
		D7AAB4452B0E4C380046466A /* MoviesApiService.swift */ = {isa = PBXFileReference; lastKnownFileType = sourcecode.swift; path = MoviesApiService.swift; sourceTree = "<group>"; };
		D7AAB4472B0E4D2E0046466A /* ListMovies.swift */ = {isa = PBXFileReference; lastKnownFileType = sourcecode.swift; path = ListMovies.swift; sourceTree = "<group>"; };
		D7AAB44A2B0E53E80046466A /* LoadView.swift */ = {isa = PBXFileReference; lastKnownFileType = sourcecode.swift; path = LoadView.swift; sourceTree = "<group>"; };
		E14D8DD17ED4CCFD773C2AD0 /* Pods_Boxotop.framework */ = {isa = PBXFileReference; explicitFileType = wrapper.framework; includeInIndex = 0; path = Pods_Boxotop.framework; sourceTree = BUILT_PRODUCTS_DIR; };
/* End PBXFileReference section */

/* Begin PBXFrameworksBuildPhase section */
		D70E73C62B0E3ABD00E6263E /* Frameworks */ = {
			isa = PBXFrameworksBuildPhase;
			buildActionMask = 2147483647;
			files = (
				6EBEAFD0B18DF6D753C830BC /* Pods_Boxotop.framework in Frameworks */,
			);
			runOnlyForDeploymentPostprocessing = 0;
		};
/* End PBXFrameworksBuildPhase section */

/* Begin PBXGroup section */
		0A5E340D799B1DD710B68A08 /* Frameworks */ = {
			isa = PBXGroup;
			children = (
				E14D8DD17ED4CCFD773C2AD0 /* Pods_Boxotop.framework */,
			);
			name = Frameworks;
			sourceTree = "<group>";
		};
		D70E73C02B0E3ABD00E6263E = {
			isa = PBXGroup;
			children = (
				D70E73CB2B0E3ABD00E6263E /* Boxotop */,
				D70E73CA2B0E3ABD00E6263E /* Products */,
				E13F616B51CBC49B9D9CDCD6 /* Pods */,
				0A5E340D799B1DD710B68A08 /* Frameworks */,
			);
			sourceTree = "<group>";
		};
		D70E73CA2B0E3ABD00E6263E /* Products */ = {
			isa = PBXGroup;
			children = (
				D70E73C92B0E3ABD00E6263E /* Boxotop.app */,
			);
			name = Products;
			sourceTree = "<group>";
		};
		D70E73CB2B0E3ABD00E6263E /* Boxotop */ = {
			isa = PBXGroup;
			children = (
				D7AAB4412B0E4BDF0046466A /* Utils */,
				D7AAB4382B0E45E60046466A /* View */,
				D7AAB4372B0E45DD0046466A /* ViewModel */,
				D7AAB4362B0E45D20046466A /* Service */,
				D7AAB4352B0E45AE0046466A /* Model */,
				D70E73CC2B0E3ABD00E6263E /* BoxotopApp.swift */,
				D70E73CE2B0E3ABD00E6263E /* ContentView.swift */,
				D70E73D02B0E3ABD00E6263E /* Item.swift */,
				D70E73D22B0E3ABE00E6263E /* Assets.xcassets */,
				D70E73D42B0E3ABE00E6263E /* Preview Content */,
				D7AAB43F2B0E4B9B0046466A /* Localizable.xcstrings */,
			);
			path = Boxotop;
			sourceTree = "<group>";
		};
		D70E73D42B0E3ABE00E6263E /* Preview Content */ = {
			isa = PBXGroup;
			children = (
				D70E73D52B0E3ABE00E6263E /* Preview Assets.xcassets */,
			);
			path = "Preview Content";
			sourceTree = "<group>";
		};
		D7AAB4352B0E45AE0046466A /* Model */ = {
			isa = PBXGroup;
			children = (
				D7AAB4392B0E475A0046466A /* Movie.swift */,
				D7AAB4472B0E4D2E0046466A /* ListMovies.swift */,
			);
			path = Model;
			sourceTree = "<group>";
		};
		D7AAB4362B0E45D20046466A /* Service */ = {
			isa = PBXGroup;
			children = (
				D7AAB4452B0E4C380046466A /* MoviesApiService.swift */,
			);
			path = Service;
			sourceTree = "<group>";
		};
		D7AAB4372B0E45DD0046466A /* ViewModel */ = {
			isa = PBXGroup;
			children = (
				D7AAB43B2B0E48B40046466A /* MoviesViewModel.swift */,
			);
			path = ViewModel;
			sourceTree = "<group>";
		};
		D7AAB4382B0E45E60046466A /* View */ = {
			isa = PBXGroup;
			children = (
				D7AAB4492B0E53D00046466A /* Components */,
				D7AAB43D2B0E48C30046466A /* MoviesView.swift */,
			);
			path = View;
			sourceTree = "<group>";
		};
		D7AAB4412B0E4BDF0046466A /* Utils */ = {
			isa = PBXGroup;
			children = (
				D7AAB4422B0E4BE60046466A /* Extensions */,
			);
			path = Utils;
			sourceTree = "<group>";
		};
		D7AAB4422B0E4BE60046466A /* Extensions */ = {
			isa = PBXGroup;
			children = (
				D7AAB4432B0E4BF90046466A /* String+i18n.swift */,
			);
			path = Extensions;
			sourceTree = "<group>";
		};
		D7AAB4492B0E53D00046466A /* Components */ = {
			isa = PBXGroup;
			children = (
				D7AAB44A2B0E53E80046466A /* LoadView.swift */,
				D75B68292B0F4CB800C82C49 /* MovieCellView.swift */,
			);
			path = Components;
			sourceTree = "<group>";
		};
		E13F616B51CBC49B9D9CDCD6 /* Pods */ = {
			isa = PBXGroup;
			children = (
				B940ABDE14DC1BA448F5371D /* Pods-Boxotop.debug.xcconfig */,
				886B818E9243F2109DC2A2A6 /* Pods-Boxotop.release.xcconfig */,
			);
			path = Pods;
			sourceTree = "<group>";
		};
/* End PBXGroup section */

/* Begin PBXNativeTarget section */
		D70E73C82B0E3ABD00E6263E /* Boxotop */ = {
			isa = PBXNativeTarget;
			buildConfigurationList = D70E73D92B0E3ABE00E6263E /* Build configuration list for PBXNativeTarget "Boxotop" */;
			buildPhases = (
				585148819F39C6807E27BFFB /* [CP] Check Pods Manifest.lock */,
				D70E73C52B0E3ABD00E6263E /* Sources */,
				D70E73C62B0E3ABD00E6263E /* Frameworks */,
				D70E73C72B0E3ABD00E6263E /* Resources */,
				6E7EF36A9947CBEA0DF1854A /* [CP] Embed Pods Frameworks */,
			);
			buildRules = (
			);
			dependencies = (
			);
			name = Boxotop;
			productName = Boxotop;
			productReference = D70E73C92B0E3ABD00E6263E /* Boxotop.app */;
			productType = "com.apple.product-type.application";
		};
/* End PBXNativeTarget section */

/* Begin PBXProject section */
		D70E73C12B0E3ABD00E6263E /* Project object */ = {
			isa = PBXProject;
			attributes = {
				BuildIndependentTargetsInParallel = 1;
				LastSwiftUpdateCheck = 1500;
				LastUpgradeCheck = 1500;
				TargetAttributes = {
					D70E73C82B0E3ABD00E6263E = {
						CreatedOnToolsVersion = 15.0.1;
					};
				};
			};
			buildConfigurationList = D70E73C42B0E3ABD00E6263E /* Build configuration list for PBXProject "Boxotop" */;
			compatibilityVersion = "Xcode 14.0";
			developmentRegion = en;
			hasScannedForEncodings = 0;
			knownRegions = (
				en,
				Base,
				fr,
			);
			mainGroup = D70E73C02B0E3ABD00E6263E;
			productRefGroup = D70E73CA2B0E3ABD00E6263E /* Products */;
			projectDirPath = "";
			projectRoot = "";
			targets = (
				D70E73C82B0E3ABD00E6263E /* Boxotop */,
			);
		};
/* End PBXProject section */

/* Begin PBXResourcesBuildPhase section */
		D70E73C72B0E3ABD00E6263E /* Resources */ = {
			isa = PBXResourcesBuildPhase;
			buildActionMask = 2147483647;
			files = (
				D70E73D62B0E3ABE00E6263E /* Preview Assets.xcassets in Resources */,
				D70E73D32B0E3ABE00E6263E /* Assets.xcassets in Resources */,
				D7AAB4402B0E4B9B0046466A /* Localizable.xcstrings in Resources */,
			);
			runOnlyForDeploymentPostprocessing = 0;
		};
/* End PBXResourcesBuildPhase section */

/* Begin PBXShellScriptBuildPhase section */
		585148819F39C6807E27BFFB /* [CP] Check Pods Manifest.lock */ = {
			isa = PBXShellScriptBuildPhase;
			buildActionMask = 2147483647;
			files = (
			);
			inputFileListPaths = (
			);
			inputPaths = (
				"${PODS_PODFILE_DIR_PATH}/Podfile.lock",
				"${PODS_ROOT}/Manifest.lock",
			);
			name = "[CP] Check Pods Manifest.lock";
			outputFileListPaths = (
			);
			outputPaths = (
				"$(DERIVED_FILE_DIR)/Pods-Boxotop-checkManifestLockResult.txt",
			);
			runOnlyForDeploymentPostprocessing = 0;
			shellPath = /bin/sh;
			shellScript = "diff \"${PODS_PODFILE_DIR_PATH}/Podfile.lock\" \"${PODS_ROOT}/Manifest.lock\" > /dev/null\nif [ $? != 0 ] ; then\n    # print error to STDERR\n    echo \"error: The sandbox is not in sync with the Podfile.lock. Run 'pod install' or update your CocoaPods installation.\" >&2\n    exit 1\nfi\n# This output is used by Xcode 'outputs' to avoid re-running this script phase.\necho \"SUCCESS\" > \"${SCRIPT_OUTPUT_FILE_0}\"\n";
			showEnvVarsInLog = 0;
		};
		6E7EF36A9947CBEA0DF1854A /* [CP] Embed Pods Frameworks */ = {
			isa = PBXShellScriptBuildPhase;
			buildActionMask = 2147483647;
			files = (
			);
			inputFileListPaths = (
				"${PODS_ROOT}/Target Support Files/Pods-Boxotop/Pods-Boxotop-frameworks-${CONFIGURATION}-input-files.xcfilelist",
			);
			name = "[CP] Embed Pods Frameworks";
			outputFileListPaths = (
				"${PODS_ROOT}/Target Support Files/Pods-Boxotop/Pods-Boxotop-frameworks-${CONFIGURATION}-output-files.xcfilelist",
			);
			runOnlyForDeploymentPostprocessing = 0;
			shellPath = /bin/sh;
			shellScript = "\"${PODS_ROOT}/Target Support Files/Pods-Boxotop/Pods-Boxotop-frameworks.sh\"\n";
			showEnvVarsInLog = 0;
		};
/* End PBXShellScriptBuildPhase section */

/* Begin PBXSourcesBuildPhase section */
		D70E73C52B0E3ABD00E6263E /* Sources */ = {
			isa = PBXSourcesBuildPhase;
			buildActionMask = 2147483647;
			files = (
				D7AAB44B2B0E53E80046466A /* LoadView.swift in Sources */,
				D70E73CF2B0E3ABD00E6263E /* ContentView.swift in Sources */,
				D7AAB43E2B0E48C30046466A /* MoviesView.swift in Sources */,
				D70E73D12B0E3ABD00E6263E /* Item.swift in Sources */,
				D7AAB4482B0E4D2E0046466A /* ListMovies.swift in Sources */,
				D75B682A2B0F4CB800C82C49 /* MovieCellView.swift in Sources */,
				D7AAB43A2B0E475A0046466A /* Movie.swift in Sources */,
				D70E73CD2B0E3ABD00E6263E /* BoxotopApp.swift in Sources */,
				D7AAB4442B0E4BF90046466A /* String+i18n.swift in Sources */,
				D7AAB43C2B0E48B40046466A /* MoviesViewModel.swift in Sources */,
				D7AAB4462B0E4C380046466A /* MoviesApiService.swift in Sources */,
			);
			runOnlyForDeploymentPostprocessing = 0;
		};
/* End PBXSourcesBuildPhase section */

/* Begin XCBuildConfiguration section */
		D70E73D72B0E3ABE00E6263E /* Debug */ = {
			isa = XCBuildConfiguration;
			buildSettings = {
				ALWAYS_SEARCH_USER_PATHS = NO;
				ASSETCATALOG_COMPILER_GENERATE_SWIFT_ASSET_SYMBOL_EXTENSIONS = YES;
				CLANG_ANALYZER_NONNULL = YES;
				CLANG_ANALYZER_NUMBER_OBJECT_CONVERSION = YES_AGGRESSIVE;
				CLANG_CXX_LANGUAGE_STANDARD = "gnu++20";
				CLANG_ENABLE_MODULES = YES;
				CLANG_ENABLE_OBJC_ARC = YES;
				CLANG_ENABLE_OBJC_WEAK = YES;
				CLANG_WARN_BLOCK_CAPTURE_AUTORELEASING = YES;
				CLANG_WARN_BOOL_CONVERSION = YES;
				CLANG_WARN_COMMA = YES;
				CLANG_WARN_CONSTANT_CONVERSION = YES;
				CLANG_WARN_DEPRECATED_OBJC_IMPLEMENTATIONS = YES;
				CLANG_WARN_DIRECT_OBJC_ISA_USAGE = YES_ERROR;
				CLANG_WARN_DOCUMENTATION_COMMENTS = YES;
				CLANG_WARN_EMPTY_BODY = YES;
				CLANG_WARN_ENUM_CONVERSION = YES;
				CLANG_WARN_INFINITE_RECURSION = YES;
				CLANG_WARN_INT_CONVERSION = YES;
				CLANG_WARN_NON_LITERAL_NULL_CONVERSION = YES;
				CLANG_WARN_OBJC_IMPLICIT_RETAIN_SELF = YES;
				CLANG_WARN_OBJC_LITERAL_CONVERSION = YES;
				CLANG_WARN_OBJC_ROOT_CLASS = YES_ERROR;
				CLANG_WARN_QUOTED_INCLUDE_IN_FRAMEWORK_HEADER = YES;
				CLANG_WARN_RANGE_LOOP_ANALYSIS = YES;
				CLANG_WARN_STRICT_PROTOTYPES = YES;
				CLANG_WARN_SUSPICIOUS_MOVE = YES;
				CLANG_WARN_UNGUARDED_AVAILABILITY = YES_AGGRESSIVE;
				CLANG_WARN_UNREACHABLE_CODE = YES;
				CLANG_WARN__DUPLICATE_METHOD_MATCH = YES;
				COPY_PHASE_STRIP = NO;
				DEBUG_INFORMATION_FORMAT = dwarf;
				ENABLE_STRICT_OBJC_MSGSEND = YES;
				ENABLE_TESTABILITY = YES;
				ENABLE_USER_SCRIPT_SANDBOXING = YES;
				GCC_C_LANGUAGE_STANDARD = gnu17;
				GCC_DYNAMIC_NO_PIC = NO;
				GCC_NO_COMMON_BLOCKS = YES;
				GCC_OPTIMIZATION_LEVEL = 0;
				GCC_PREPROCESSOR_DEFINITIONS = (
					"DEBUG=1",
					"$(inherited)",
				);
				GCC_WARN_64_TO_32_BIT_CONVERSION = YES;
				GCC_WARN_ABOUT_RETURN_TYPE = YES_ERROR;
				GCC_WARN_UNDECLARED_SELECTOR = YES;
				GCC_WARN_UNINITIALIZED_AUTOS = YES_AGGRESSIVE;
				GCC_WARN_UNUSED_FUNCTION = YES;
				GCC_WARN_UNUSED_VARIABLE = YES;
				IPHONEOS_DEPLOYMENT_TARGET = 17.0;
				LOCALIZATION_PREFERS_STRING_CATALOGS = YES;
				MTL_ENABLE_DEBUG_INFO = INCLUDE_SOURCE;
				MTL_FAST_MATH = YES;
				ONLY_ACTIVE_ARCH = YES;
				SDKROOT = iphoneos;
				SWIFT_ACTIVE_COMPILATION_CONDITIONS = "DEBUG $(inherited)";
				SWIFT_OPTIMIZATION_LEVEL = "-Onone";
			};
			name = Debug;
		};
		D70E73D82B0E3ABE00E6263E /* Release */ = {
			isa = XCBuildConfiguration;
			buildSettings = {
				ALWAYS_SEARCH_USER_PATHS = NO;
				ASSETCATALOG_COMPILER_GENERATE_SWIFT_ASSET_SYMBOL_EXTENSIONS = YES;
				CLANG_ANALYZER_NONNULL = YES;
				CLANG_ANALYZER_NUMBER_OBJECT_CONVERSION = YES_AGGRESSIVE;
				CLANG_CXX_LANGUAGE_STANDARD = "gnu++20";
				CLANG_ENABLE_MODULES = YES;
				CLANG_ENABLE_OBJC_ARC = YES;
				CLANG_ENABLE_OBJC_WEAK = YES;
				CLANG_WARN_BLOCK_CAPTURE_AUTORELEASING = YES;
				CLANG_WARN_BOOL_CONVERSION = YES;
				CLANG_WARN_COMMA = YES;
				CLANG_WARN_CONSTANT_CONVERSION = YES;
				CLANG_WARN_DEPRECATED_OBJC_IMPLEMENTATIONS = YES;
				CLANG_WARN_DIRECT_OBJC_ISA_USAGE = YES_ERROR;
				CLANG_WARN_DOCUMENTATION_COMMENTS = YES;
				CLANG_WARN_EMPTY_BODY = YES;
				CLANG_WARN_ENUM_CONVERSION = YES;
				CLANG_WARN_INFINITE_RECURSION = YES;
				CLANG_WARN_INT_CONVERSION = YES;
				CLANG_WARN_NON_LITERAL_NULL_CONVERSION = YES;
				CLANG_WARN_OBJC_IMPLICIT_RETAIN_SELF = YES;
				CLANG_WARN_OBJC_LITERAL_CONVERSION = YES;
				CLANG_WARN_OBJC_ROOT_CLASS = YES_ERROR;
				CLANG_WARN_QUOTED_INCLUDE_IN_FRAMEWORK_HEADER = YES;
				CLANG_WARN_RANGE_LOOP_ANALYSIS = YES;
				CLANG_WARN_STRICT_PROTOTYPES = YES;
				CLANG_WARN_SUSPICIOUS_MOVE = YES;
				CLANG_WARN_UNGUARDED_AVAILABILITY = YES_AGGRESSIVE;
				CLANG_WARN_UNREACHABLE_CODE = YES;
				CLANG_WARN__DUPLICATE_METHOD_MATCH = YES;
				COPY_PHASE_STRIP = NO;
				DEBUG_INFORMATION_FORMAT = "dwarf-with-dsym";
				ENABLE_NS_ASSERTIONS = NO;
				ENABLE_STRICT_OBJC_MSGSEND = YES;
				ENABLE_USER_SCRIPT_SANDBOXING = YES;
				GCC_C_LANGUAGE_STANDARD = gnu17;
				GCC_NO_COMMON_BLOCKS = YES;
				GCC_WARN_64_TO_32_BIT_CONVERSION = YES;
				GCC_WARN_ABOUT_RETURN_TYPE = YES_ERROR;
				GCC_WARN_UNDECLARED_SELECTOR = YES;
				GCC_WARN_UNINITIALIZED_AUTOS = YES_AGGRESSIVE;
				GCC_WARN_UNUSED_FUNCTION = YES;
				GCC_WARN_UNUSED_VARIABLE = YES;
				IPHONEOS_DEPLOYMENT_TARGET = 17.0;
				LOCALIZATION_PREFERS_STRING_CATALOGS = YES;
				MTL_ENABLE_DEBUG_INFO = NO;
				MTL_FAST_MATH = YES;
				SDKROOT = iphoneos;
				SWIFT_COMPILATION_MODE = wholemodule;
				VALIDATE_PRODUCT = YES;
			};
			name = Release;
		};
		D70E73DA2B0E3ABE00E6263E /* Debug */ = {
			isa = XCBuildConfiguration;
			baseConfigurationReference = B940ABDE14DC1BA448F5371D /* Pods-Boxotop.debug.xcconfig */;
			buildSettings = {
				ASSETCATALOG_COMPILER_APPICON_NAME = AppIcon;
				ASSETCATALOG_COMPILER_GLOBAL_ACCENT_COLOR_NAME = AccentColor;
				CODE_SIGN_STYLE = Automatic;
				CURRENT_PROJECT_VERSION = 1;
				DEVELOPMENT_ASSET_PATHS = "\"Boxotop/Preview Content\"";
				ENABLE_PREVIEWS = YES;
				ENABLE_USER_SCRIPT_SANDBOXING = NO;
				GENERATE_INFOPLIST_FILE = YES;
				INFOPLIST_KEY_UIApplicationSceneManifest_Generation = YES;
				INFOPLIST_KEY_UIApplicationSupportsIndirectInputEvents = YES;
				INFOPLIST_KEY_UILaunchScreen_Generation = YES;
				INFOPLIST_KEY_UISupportedInterfaceOrientations_iPad = "UIInterfaceOrientationPortrait UIInterfaceOrientationPortraitUpsideDown UIInterfaceOrientationLandscapeLeft UIInterfaceOrientationLandscapeRight";
				INFOPLIST_KEY_UISupportedInterfaceOrientations_iPhone = "UIInterfaceOrientationPortrait UIInterfaceOrientationLandscapeLeft UIInterfaceOrientationLandscapeRight";
				LD_RUNPATH_SEARCH_PATHS = (
					"$(inherited)",
					"@executable_path/Frameworks",
				);
				MARKETING_VERSION = 1.0;
				PRODUCT_BUNDLE_IDENTIFIER = "com.loic-lefebvre.Boxotop";
				PRODUCT_NAME = "$(TARGET_NAME)";
				SWIFT_EMIT_LOC_STRINGS = YES;
				SWIFT_VERSION = 5.0;
				TARGETED_DEVICE_FAMILY = "1,2";
			};
			name = Debug;
		};
		D70E73DB2B0E3ABE00E6263E /* Release */ = {
			isa = XCBuildConfiguration;
			baseConfigurationReference = 886B818E9243F2109DC2A2A6 /* Pods-Boxotop.release.xcconfig */;
			buildSettings = {
				ASSETCATALOG_COMPILER_APPICON_NAME = AppIcon;
				ASSETCATALOG_COMPILER_GLOBAL_ACCENT_COLOR_NAME = AccentColor;
				CODE_SIGN_STYLE = Automatic;
				CURRENT_PROJECT_VERSION = 1;
				DEVELOPMENT_ASSET_PATHS = "\"Boxotop/Preview Content\"";
				ENABLE_PREVIEWS = YES;
				ENABLE_USER_SCRIPT_SANDBOXING = NO;
				GENERATE_INFOPLIST_FILE = YES;
				INFOPLIST_KEY_UIApplicationSceneManifest_Generation = YES;
				INFOPLIST_KEY_UIApplicationSupportsIndirectInputEvents = YES;
				INFOPLIST_KEY_UILaunchScreen_Generation = YES;
				INFOPLIST_KEY_UISupportedInterfaceOrientations_iPad = "UIInterfaceOrientationPortrait UIInterfaceOrientationPortraitUpsideDown UIInterfaceOrientationLandscapeLeft UIInterfaceOrientationLandscapeRight";
				INFOPLIST_KEY_UISupportedInterfaceOrientations_iPhone = "UIInterfaceOrientationPortrait UIInterfaceOrientationLandscapeLeft UIInterfaceOrientationLandscapeRight";
				LD_RUNPATH_SEARCH_PATHS = (
					"$(inherited)",
					"@executable_path/Frameworks",
				);
				MARKETING_VERSION = 1.0;
				PRODUCT_BUNDLE_IDENTIFIER = "com.loic-lefebvre.Boxotop";
				PRODUCT_NAME = "$(TARGET_NAME)";
				SWIFT_EMIT_LOC_STRINGS = YES;
				SWIFT_VERSION = 5.0;
				TARGETED_DEVICE_FAMILY = "1,2";
			};
			name = Release;
		};
/* End XCBuildConfiguration section */

/* Begin XCConfigurationList section */
		D70E73C42B0E3ABD00E6263E /* Build configuration list for PBXProject "Boxotop" */ = {
			isa = XCConfigurationList;
			buildConfigurations = (
				D70E73D72B0E3ABE00E6263E /* Debug */,
				D70E73D82B0E3ABE00E6263E /* Release */,
			);
			defaultConfigurationIsVisible = 0;
			defaultConfigurationName = Release;
		};
		D70E73D92B0E3ABE00E6263E /* Build configuration list for PBXNativeTarget "Boxotop" */ = {
			isa = XCConfigurationList;
			buildConfigurations = (
				D70E73DA2B0E3ABE00E6263E /* Debug */,
				D70E73DB2B0E3ABE00E6263E /* Release */,
			);
			defaultConfigurationIsVisible = 0;
			defaultConfigurationName = Release;
		};
/* End XCConfigurationList section */
	};
	rootObject = D70E73C12B0E3ABD00E6263E /* Project object */;
}
